// !$*UTF8*$!
{
	archiveVersion = 1;
	classes = {
	};
	objectVersion = 56;
	objects = {

/* Begin PBXBuildFile section */
		85133B4F2991E618004978FD /* Alamofire in Frameworks */ = {isa = PBXBuildFile; productRef = 85133B4E2991E618004978FD /* Alamofire */; };
		85133B512991E6C1004978FD /* Help_MeVC.swift in Sources */ = {isa = PBXBuildFile; fileRef = 85133B502991E6C1004978FD /* Help_MeVC.swift */; };
		85133B532991E7AF004978FD /* MainAPI.swift in Sources */ = {isa = PBXBuildFile; fileRef = 85133B522991E7AF004978FD /* MainAPI.swift */; };
		85133B552991E862004978FD /* SignAPI.swift in Sources */ = {isa = PBXBuildFile; fileRef = 85133B542991E862004978FD /* SignAPI.swift */; };
		856D43232991D3BD00EBE393 /* AppDelegate.swift in Sources */ = {isa = PBXBuildFile; fileRef = 856D43222991D3BD00EBE393 /* AppDelegate.swift */; };
		856D43252991D3BD00EBE393 /* SceneDelegate.swift in Sources */ = {isa = PBXBuildFile; fileRef = 856D43242991D3BD00EBE393 /* SceneDelegate.swift */; };
		856D43272991D3BD00EBE393 /* SignInVC.swift in Sources */ = {isa = PBXBuildFile; fileRef = 856D43262991D3BD00EBE393 /* SignInVC.swift */; };
		856D432A2991D3BD00EBE393 /* Main.storyboard in Resources */ = {isa = PBXBuildFile; fileRef = 856D43282991D3BD00EBE393 /* Main.storyboard */; };
		856D432C2991D3BE00EBE393 /* Assets.xcassets in Resources */ = {isa = PBXBuildFile; fileRef = 856D432B2991D3BE00EBE393 /* Assets.xcassets */; };
		856D432F2991D3BE00EBE393 /* LaunchScreen.storyboard in Resources */ = {isa = PBXBuildFile; fileRef = 856D432D2991D3BE00EBE393 /* LaunchScreen.storyboard */; };
/* End PBXBuildFile section */

/* Begin PBXContainerItemProxy section */
		856D43362991D3BE00EBE393 /* PBXContainerItemProxy */ = {
			isa = PBXContainerItemProxy;
			containerPortal = 856D43172991D3BD00EBE393 /* Project object */;
			proxyType = 1;
			remoteGlobalIDString = 856D431E2991D3BD00EBE393;
			remoteInfo = Help_me;
		};
		856D43402991D3BE00EBE393 /* PBXContainerItemProxy */ = {
			isa = PBXContainerItemProxy;
			containerPortal = 856D43172991D3BD00EBE393 /* Project object */;
			proxyType = 1;
			remoteGlobalIDString = 856D431E2991D3BD00EBE393;
			remoteInfo = Help_me;
		};
/* End PBXContainerItemProxy section */

/* Begin PBXFileReference section */
		85133B502991E6C1004978FD /* Help_MeVC.swift */ = {isa = PBXFileReference; lastKnownFileType = sourcecode.swift; path = Help_MeVC.swift; sourceTree = "<group>"; };
		85133B522991E7AF004978FD /* MainAPI.swift */ = {isa = PBXFileReference; lastKnownFileType = sourcecode.swift; path = MainAPI.swift; sourceTree = "<group>"; };
		85133B542991E862004978FD /* SignAPI.swift */ = {isa = PBXFileReference; lastKnownFileType = sourcecode.swift; path = SignAPI.swift; sourceTree = "<group>"; };
		856D431F2991D3BD00EBE393 /* Help_me.app */ = {isa = PBXFileReference; explicitFileType = wrapper.application; includeInIndex = 0; path = Help_me.app; sourceTree = BUILT_PRODUCTS_DIR; };
		856D43222991D3BD00EBE393 /* AppDelegate.swift */ = {isa = PBXFileReference; lastKnownFileType = sourcecode.swift; path = AppDelegate.swift; sourceTree = "<group>"; };
		856D43242991D3BD00EBE393 /* SceneDelegate.swift */ = {isa = PBXFileReference; lastKnownFileType = sourcecode.swift; path = SceneDelegate.swift; sourceTree = "<group>"; };
		856D43262991D3BD00EBE393 /* SignInVC.swift */ = {isa = PBXFileReference; lastKnownFileType = sourcecode.swift; path = SignInVC.swift; sourceTree = "<group>"; };
		856D43292991D3BD00EBE393 /* Base */ = {isa = PBXFileReference; lastKnownFileType = file.storyboard; name = Base; path = Base.lproj/Main.storyboard; sourceTree = "<group>"; };
		856D432B2991D3BE00EBE393 /* Assets.xcassets */ = {isa = PBXFileReference; lastKnownFileType = folder.assetcatalog; path = Assets.xcassets; sourceTree = "<group>"; };
		856D432E2991D3BE00EBE393 /* Base */ = {isa = PBXFileReference; lastKnownFileType = file.storyboard; name = Base; path = Base.lproj/LaunchScreen.storyboard; sourceTree = "<group>"; };
		856D43302991D3BE00EBE393 /* Info.plist */ = {isa = PBXFileReference; lastKnownFileType = text.plist.xml; path = Info.plist; sourceTree = "<group>"; };
		856D43352991D3BE00EBE393 /* Help_meTests.xctest */ = {isa = PBXFileReference; explicitFileType = wrapper.cfbundle; includeInIndex = 0; path = Help_meTests.xctest; sourceTree = BUILT_PRODUCTS_DIR; };
		856D433F2991D3BE00EBE393 /* Help_meUITests.xctest */ = {isa = PBXFileReference; explicitFileType = wrapper.cfbundle; includeInIndex = 0; path = Help_meUITests.xctest; sourceTree = BUILT_PRODUCTS_DIR; };
/* End PBXFileReference section */

/* Begin PBXFrameworksBuildPhase section */
		856D431C2991D3BD00EBE393 /* Frameworks */ = {
			isa = PBXFrameworksBuildPhase;
			buildActionMask = 2147483647;
			files = (
				85133B4F2991E618004978FD /* Alamofire in Frameworks */,
			);
			runOnlyForDeploymentPostprocessing = 0;
		};
		856D43322991D3BE00EBE393 /* Frameworks */ = {
			isa = PBXFrameworksBuildPhase;
			buildActionMask = 2147483647;
			files = (
			);
			runOnlyForDeploymentPostprocessing = 0;
		};
		856D433C2991D3BE00EBE393 /* Frameworks */ = {
			isa = PBXFrameworksBuildPhase;
			buildActionMask = 2147483647;
			files = (
			);
			runOnlyForDeploymentPostprocessing = 0;
		};
/* End PBXFrameworksBuildPhase section */

/* Begin PBXGroup section */
		85133B492991D492004978FD /* Resource */ = {
			isa = PBXGroup;
			children = (
				856D43222991D3BD00EBE393 /* AppDelegate.swift */,
				856D43242991D3BD00EBE393 /* SceneDelegate.swift */,
				856D432B2991D3BE00EBE393 /* Assets.xcassets */,
				85133B522991E7AF004978FD /* MainAPI.swift */,
			);
			path = Resource;
			sourceTree = "<group>";
		};
		85133B4A2991D4AD004978FD /* Source */ = {
			isa = PBXGroup;
			children = (
				856D43262991D3BD00EBE393 /* SignInVC.swift */,
				85133B502991E6C1004978FD /* Help_MeVC.swift */,
			);
			path = Source;
			sourceTree = "<group>";
		};
		85133B4B2991D4F8004978FD /* Storyboard */ = {
			isa = PBXGroup;
			children = (
				856D432D2991D3BE00EBE393 /* LaunchScreen.storyboard */,
				856D43282991D3BD00EBE393 /* Main.storyboard */,
			);
			path = Storyboard;
			sourceTree = "<group>";
		};
		85133B4C2991D533004978FD /* Model */ = {
			isa = PBXGroup;
			children = (
				85133B542991E862004978FD /* SignAPI.swift */,
			);
			path = Model;
			sourceTree = "<group>";
		};
		856D43162991D3BD00EBE393 = {
			isa = PBXGroup;
			children = (
				856D43212991D3BD00EBE393 /* Help_me */,
				856D43202991D3BD00EBE393 /* Products */,
			);
			sourceTree = "<group>";
		};
		856D43202991D3BD00EBE393 /* Products */ = {
			isa = PBXGroup;
			children = (
				856D431F2991D3BD00EBE393 /* Help_me.app */,
				856D43352991D3BE00EBE393 /* Help_meTests.xctest */,
				856D433F2991D3BE00EBE393 /* Help_meUITests.xctest */,
			);
			name = Products;
			sourceTree = "<group>";
		};
		856D43212991D3BD00EBE393 /* Help_me */ = {
			isa = PBXGroup;
			children = (
				856D43302991D3BE00EBE393 /* Info.plist */,
				85133B492991D492004978FD /* Resource */,
				85133B4C2991D533004978FD /* Model */,
				85133B4A2991D4AD004978FD /* Source */,
				85133B4B2991D4F8004978FD /* Storyboard */,
			);
			path = Help_me;
			sourceTree = "<group>";
		};
/* End PBXGroup section */

/* Begin PBXNativeTarget section */
		856D431E2991D3BD00EBE393 /* Help_me */ = {
			isa = PBXNativeTarget;
			buildConfigurationList = 856D43492991D3BE00EBE393 /* Build configuration list for PBXNativeTarget "Help_me" */;
			buildPhases = (
				856D431B2991D3BD00EBE393 /* Sources */,
				856D431C2991D3BD00EBE393 /* Frameworks */,
				856D431D2991D3BD00EBE393 /* Resources */,
			);
			buildRules = (
			);
			dependencies = (
			);
			name = Help_me;
			packageProductDependencies = (
				85133B4E2991E618004978FD /* Alamofire */,
			);
			productName = Help_me;
			productReference = 856D431F2991D3BD00EBE393 /* Help_me.app */;
			productType = "com.apple.product-type.application";
		};
		856D43342991D3BE00EBE393 /* Help_meTests */ = {
			isa = PBXNativeTarget;
			buildConfigurationList = 856D434C2991D3BE00EBE393 /* Build configuration list for PBXNativeTarget "Help_meTests" */;
			buildPhases = (
				856D43312991D3BE00EBE393 /* Sources */,
				856D43322991D3BE00EBE393 /* Frameworks */,
				856D43332991D3BE00EBE393 /* Resources */,
			);
			buildRules = (
			);
			dependencies = (
				856D43372991D3BE00EBE393 /* PBXTargetDependency */,
			);
			name = Help_meTests;
			productName = Help_meTests;
			productReference = 856D43352991D3BE00EBE393 /* Help_meTests.xctest */;
			productType = "com.apple.product-type.bundle.unit-test";
		};
		856D433E2991D3BE00EBE393 /* Help_meUITests */ = {
			isa = PBXNativeTarget;
			buildConfigurationList = 856D434F2991D3BE00EBE393 /* Build configuration list for PBXNativeTarget "Help_meUITests" */;
			buildPhases = (
				856D433B2991D3BE00EBE393 /* Sources */,
				856D433C2991D3BE00EBE393 /* Frameworks */,
				856D433D2991D3BE00EBE393 /* Resources */,
			);
			buildRules = (
			);
			dependencies = (
				856D43412991D3BE00EBE393 /* PBXTargetDependency */,
			);
			name = Help_meUITests;
			productName = Help_meUITests;
			productReference = 856D433F2991D3BE00EBE393 /* Help_meUITests.xctest */;
			productType = "com.apple.product-type.bundle.ui-testing";
		};
/* End PBXNativeTarget section */

/* Begin PBXProject section */
		856D43172991D3BD00EBE393 /* Project object */ = {
			isa = PBXProject;
			attributes = {
				BuildIndependentTargetsInParallel = 1;
				LastSwiftUpdateCheck = 1420;
				LastUpgradeCheck = 1420;
				TargetAttributes = {
					856D431E2991D3BD00EBE393 = {
						CreatedOnToolsVersion = 14.2;
					};
					856D43342991D3BE00EBE393 = {
						CreatedOnToolsVersion = 14.2;
						TestTargetID = 856D431E2991D3BD00EBE393;
					};
					856D433E2991D3BE00EBE393 = {
						CreatedOnToolsVersion = 14.2;
						TestTargetID = 856D431E2991D3BD00EBE393;
					};
				};
			};
			buildConfigurationList = 856D431A2991D3BD00EBE393 /* Build configuration list for PBXProject "Help_me" */;
			compatibilityVersion = "Xcode 14.0";
			developmentRegion = en;
			hasScannedForEncodings = 0;
			knownRegions = (
				en,
				Base,
			);
			mainGroup = 856D43162991D3BD00EBE393;
			packageReferences = (
				85133B4D2991E618004978FD /* XCRemoteSwiftPackageReference "Alamofire" */,
			);
			productRefGroup = 856D43202991D3BD00EBE393 /* Products */;
			projectDirPath = "";
			projectRoot = "";
			targets = (
				856D431E2991D3BD00EBE393 /* Help_me */,
				856D43342991D3BE00EBE393 /* Help_meTests */,
				856D433E2991D3BE00EBE393 /* Help_meUITests */,
			);
		};
/* End PBXProject section */

/* Begin PBXResourcesBuildPhase section */
		856D431D2991D3BD00EBE393 /* Resources */ = {
			isa = PBXResourcesBuildPhase;
			buildActionMask = 2147483647;
			files = (
				856D432F2991D3BE00EBE393 /* LaunchScreen.storyboard in Resources */,
				856D432C2991D3BE00EBE393 /* Assets.xcassets in Resources */,
				856D432A2991D3BD00EBE393 /* Main.storyboard in Resources */,
			);
			runOnlyForDeploymentPostprocessing = 0;
		};
		856D43332991D3BE00EBE393 /* Resources */ = {
			isa = PBXResourcesBuildPhase;
			buildActionMask = 2147483647;
			files = (
			);
			runOnlyForDeploymentPostprocessing = 0;
		};
		856D433D2991D3BE00EBE393 /* Resources */ = {
			isa = PBXResourcesBuildPhase;
			buildActionMask = 2147483647;
			files = (
			);
			runOnlyForDeploymentPostprocessing = 0;
		};
/* End PBXResourcesBuildPhase section */

/* Begin PBXSourcesBuildPhase section */
		856D431B2991D3BD00EBE393 /* Sources */ = {
			isa = PBXSourcesBuildPhase;
			buildActionMask = 2147483647;
			files = (
				856D43272991D3BD00EBE393 /* SignInVC.swift in Sources */,
				856D43232991D3BD00EBE393 /* AppDelegate.swift in Sources */,
				85133B512991E6C1004978FD /* Help_MeVC.swift in Sources */,
				85133B532991E7AF004978FD /* MainAPI.swift in Sources */,
				856D43252991D3BD00EBE393 /* SceneDelegate.swift in Sources */,
				85133B552991E862004978FD /* SignAPI.swift in Sources */,
			);
			runOnlyForDeploymentPostprocessing = 0;
		};
		856D43312991D3BE00EBE393 /* Sources */ = {
			isa = PBXSourcesBuildPhase;
			buildActionMask = 2147483647;
			files = (
			);
			runOnlyForDeploymentPostprocessing = 0;
		};
		856D433B2991D3BE00EBE393 /* Sources */ = {
			isa = PBXSourcesBuildPhase;
			buildActionMask = 2147483647;
			files = (
			);
			runOnlyForDeploymentPostprocessing = 0;
		};
/* End PBXSourcesBuildPhase section */

/* Begin PBXTargetDependency section */
		856D43372991D3BE00EBE393 /* PBXTargetDependency */ = {
			isa = PBXTargetDependency;
			target = 856D431E2991D3BD00EBE393 /* Help_me */;
			targetProxy = 856D43362991D3BE00EBE393 /* PBXContainerItemProxy */;
		};
		856D43412991D3BE00EBE393 /* PBXTargetDependency */ = {
			isa = PBXTargetDependency;
			target = 856D431E2991D3BD00EBE393 /* Help_me */;
			targetProxy = 856D43402991D3BE00EBE393 /* PBXContainerItemProxy */;
		};
/* End PBXTargetDependency section */

/* Begin PBXVariantGroup section */
		856D43282991D3BD00EBE393 /* Main.storyboard */ = {
			isa = PBXVariantGroup;
			children = (
				856D43292991D3BD00EBE393 /* Base */,
			);
			name = Main.storyboard;
			sourceTree = "<group>";
		};
		856D432D2991D3BE00EBE393 /* LaunchScreen.storyboard */ = {
			isa = PBXVariantGroup;
			children = (
				856D432E2991D3BE00EBE393 /* Base */,
			);
			name = LaunchScreen.storyboard;
			sourceTree = "<group>";
		};
/* End PBXVariantGroup section */

/* Begin XCBuildConfiguration section */
		856D43472991D3BE00EBE393 /* Debug */ = {
			isa = XCBuildConfiguration;
			buildSettings = {
				ALWAYS_SEARCH_USER_PATHS = NO;
				CLANG_ANALYZER_NONNULL = YES;
				CLANG_ANALYZER_NUMBER_OBJECT_CONVERSION = YES_AGGRESSIVE;
				CLANG_CXX_LANGUAGE_STANDARD = "gnu++20";
				CLANG_ENABLE_MODULES = YES;
				CLANG_ENABLE_OBJC_ARC = YES;
				CLANG_ENABLE_OBJC_WEAK = YES;
				CLANG_WARN_BLOCK_CAPTURE_AUTORELEASING = YES;
				CLANG_WARN_BOOL_CONVERSION = YES;
				CLANG_WARN_COMMA = YES;
				CLANG_WARN_CONSTANT_CONVERSION = YES;
				CLANG_WARN_DEPRECATED_OBJC_IMPLEMENTATIONS = YES;
				CLANG_WARN_DIRECT_OBJC_ISA_USAGE = YES_ERROR;
				CLANG_WARN_DOCUMENTATION_COMMENTS = YES;
				CLANG_WARN_EMPTY_BODY = YES;
				CLANG_WARN_ENUM_CONVERSION = YES;
				CLANG_WARN_INFINITE_RECURSION = YES;
				CLANG_WARN_INT_CONVERSION = YES;
				CLANG_WARN_NON_LITERAL_NULL_CONVERSION = YES;
				CLANG_WARN_OBJC_IMPLICIT_RETAIN_SELF = YES;
				CLANG_WARN_OBJC_LITERAL_CONVERSION = YES;
				CLANG_WARN_OBJC_ROOT_CLASS = YES_ERROR;
				CLANG_WARN_QUOTED_INCLUDE_IN_FRAMEWORK_HEADER = YES;
				CLANG_WARN_RANGE_LOOP_ANALYSIS = YES;
				CLANG_WARN_STRICT_PROTOTYPES = YES;
				CLANG_WARN_SUSPICIOUS_MOVE = YES;
				CLANG_WARN_UNGUARDED_AVAILABILITY = YES_AGGRESSIVE;
				CLANG_WARN_UNREACHABLE_CODE = YES;
				CLANG_WARN__DUPLICATE_METHOD_MATCH = YES;
				COPY_PHASE_STRIP = NO;
				DEBUG_INFORMATION_FORMAT = dwarf;
				ENABLE_STRICT_OBJC_MSGSEND = YES;
				ENABLE_TESTABILITY = YES;
				GCC_C_LANGUAGE_STANDARD = gnu11;
				GCC_DYNAMIC_NO_PIC = NO;
				GCC_NO_COMMON_BLOCKS = YES;
				GCC_OPTIMIZATION_LEVEL = 0;
				GCC_PREPROCESSOR_DEFINITIONS = (
					"DEBUG=1",
					"$(inherited)",
				);
				GCC_WARN_64_TO_32_BIT_CONVERSION = YES;
				GCC_WARN_ABOUT_RETURN_TYPE = YES_ERROR;
				GCC_WARN_UNDECLARED_SELECTOR = YES;
				GCC_WARN_UNINITIALIZED_AUTOS = YES_AGGRESSIVE;
				GCC_WARN_UNUSED_FUNCTION = YES;
				GCC_WARN_UNUSED_VARIABLE = YES;
				IPHONEOS_DEPLOYMENT_TARGET = 16.2;
				MTL_ENABLE_DEBUG_INFO = INCLUDE_SOURCE;
				MTL_FAST_MATH = YES;
				ONLY_ACTIVE_ARCH = YES;
				SDKROOT = iphoneos;
				SWIFT_ACTIVE_COMPILATION_CONDITIONS = DEBUG;
				SWIFT_OPTIMIZATION_LEVEL = "-Onone";
			};
			name = Debug;
		};
		856D43482991D3BE00EBE393 /* Release */ = {
			isa = XCBuildConfiguration;
			buildSettings = {
				ALWAYS_SEARCH_USER_PATHS = NO;
				CLANG_ANALYZER_NONNULL = YES;
				CLANG_ANALYZER_NUMBER_OBJECT_CONVERSION = YES_AGGRESSIVE;
				CLANG_CXX_LANGUAGE_STANDARD = "gnu++20";
				CLANG_ENABLE_MODULES = YES;
				CLANG_ENABLE_OBJC_ARC = YES;
				CLANG_ENABLE_OBJC_WEAK = YES;
				CLANG_WARN_BLOCK_CAPTURE_AUTORELEASING = YES;
				CLANG_WARN_BOOL_CONVERSION = YES;
				CLANG_WARN_COMMA = YES;
				CLANG_WARN_CONSTANT_CONVERSION = YES;
				CLANG_WARN_DEPRECATED_OBJC_IMPLEMENTATIONS = YES;
				CLANG_WARN_DIRECT_OBJC_ISA_USAGE = YES_ERROR;
				CLANG_WARN_DOCUMENTATION_COMMENTS = YES;
				CLANG_WARN_EMPTY_BODY = YES;
				CLANG_WARN_ENUM_CONVERSION = YES;
				CLANG_WARN_INFINITE_RECURSION = YES;
				CLANG_WARN_INT_CONVERSION = YES;
				CLANG_WARN_NON_LITERAL_NULL_CONVERSION = YES;
				CLANG_WARN_OBJC_IMPLICIT_RETAIN_SELF = YES;
				CLANG_WARN_OBJC_LITERAL_CONVERSION = YES;
				CLANG_WARN_OBJC_ROOT_CLASS = YES_ERROR;
				CLANG_WARN_QUOTED_INCLUDE_IN_FRAMEWORK_HEADER = YES;
				CLANG_WARN_RANGE_LOOP_ANALYSIS = YES;
				CLANG_WARN_STRICT_PROTOTYPES = YES;
				CLANG_WARN_SUSPICIOUS_MOVE = YES;
				CLANG_WARN_UNGUARDED_AVAILABILITY = YES_AGGRESSIVE;
				CLANG_WARN_UNREACHABLE_CODE = YES;
				CLANG_WARN__DUPLICATE_METHOD_MATCH = YES;
				COPY_PHASE_STRIP = NO;
				DEBUG_INFORMATION_FORMAT = "dwarf-with-dsym";
				ENABLE_NS_ASSERTIONS = NO;
				ENABLE_STRICT_OBJC_MSGSEND = YES;
				GCC_C_LANGUAGE_STANDARD = gnu11;
				GCC_NO_COMMON_BLOCKS = YES;
				GCC_WARN_64_TO_32_BIT_CONVERSION = YES;
				GCC_WARN_ABOUT_RETURN_TYPE = YES_ERROR;
				GCC_WARN_UNDECLARED_SELECTOR = YES;
				GCC_WARN_UNINITIALIZED_AUTOS = YES_AGGRESSIVE;
				GCC_WARN_UNUSED_FUNCTION = YES;
				GCC_WARN_UNUSED_VARIABLE = YES;
				IPHONEOS_DEPLOYMENT_TARGET = 16.2;
				MTL_ENABLE_DEBUG_INFO = NO;
				MTL_FAST_MATH = YES;
				SDKROOT = iphoneos;
				SWIFT_COMPILATION_MODE = wholemodule;
				SWIFT_OPTIMIZATION_LEVEL = "-O";
				VALIDATE_PRODUCT = YES;
			};
			name = Release;
		};
		856D434A2991D3BE00EBE393 /* Debug */ = {
			isa = XCBuildConfiguration;
			buildSettings = {
				ASSETCATALOG_COMPILER_APPICON_NAME = AppIcon;
				ASSETCATALOG_COMPILER_GLOBAL_ACCENT_COLOR_NAME = AccentColor;
				CODE_SIGN_STYLE = Automatic;
				CURRENT_PROJECT_VERSION = 1;
				DEVELOPMENT_TEAM = W7X5HRD463;
				GENERATE_INFOPLIST_FILE = YES;
				INFOPLIST_FILE = Help_me/Info.plist;
				INFOPLIST_KEY_UIApplicationSupportsIndirectInputEvents = YES;
				INFOPLIST_KEY_UILaunchStoryboardName = LaunchScreen;
				INFOPLIST_KEY_UIMainStoryboardFile = Main;
				INFOPLIST_KEY_UISupportedInterfaceOrientations_iPad = "UIInterfaceOrientationPortrait UIInterfaceOrientationPortraitUpsideDown UIInterfaceOrientationLandscapeLeft UIInterfaceOrientationLandscapeRight";
				INFOPLIST_KEY_UISupportedInterfaceOrientations_iPhone = "UIInterfaceOrientationPortrait UIInterfaceOrientationLandscapeLeft UIInterfaceOrientationLandscapeRight";
				LD_RUNPATH_SEARCH_PATHS = (
					"$(inherited)",
					"@executable_path/Frameworks",
				);
				MARKETING_VERSION = 1.0;
				PRODUCT_BUNDLE_IDENTIFIER = "Hackerton.Help-me";
				PRODUCT_NAME = "$(TARGET_NAME)";
				SWIFT_EMIT_LOC_STRINGS = YES;
				SWIFT_VERSION = 5.0;
				TARGETED_DEVICE_FAMILY = "1,2";
			};
			name = Debug;
		};
		856D434B2991D3BE00EBE393 /* Release */ = {
			isa = XCBuildConfiguration;
			buildSettings = {
				ASSETCATALOG_COMPILER_APPICON_NAME = AppIcon;
				ASSETCATALOG_COMPILER_GLOBAL_ACCENT_COLOR_NAME = AccentColor;
				CODE_SIGN_STYLE = Automatic;
				CURRENT_PROJECT_VERSION = 1;
				DEVELOPMENT_TEAM = W7X5HRD463;
				GENERATE_INFOPLIST_FILE = YES;
				INFOPLIST_FILE = Help_me/Info.plist;
				INFOPLIST_KEY_UIApplicationSupportsIndirectInputEvents = YES;
				INFOPLIST_KEY_UILaunchStoryboardName = LaunchScreen;
				INFOPLIST_KEY_UIMainStoryboardFile = Main;
				INFOPLIST_KEY_UISupportedInterfaceOrientations_iPad = "UIInterfaceOrientationPortrait UIInterfaceOrientationPortraitUpsideDown UIInterfaceOrientationLandscapeLeft UIInterfaceOrientationLandscapeRight";
				INFOPLIST_KEY_UISupportedInterfaceOrientations_iPhone = "UIInterfaceOrientationPortrait UIInterfaceOrientationLandscapeLeft UIInterfaceOrientationLandscapeRight";
				LD_RUNPATH_SEARCH_PATHS = (
					"$(inherited)",
					"@executable_path/Frameworks",
				);
				MARKETING_VERSION = 1.0;
				PRODUCT_BUNDLE_IDENTIFIER = "Hackerton.Help-me";
				PRODUCT_NAME = "$(TARGET_NAME)";
				SWIFT_EMIT_LOC_STRINGS = YES;
				SWIFT_VERSION = 5.0;
				TARGETED_DEVICE_FAMILY = "1,2";
			};
			name = Release;
		};
		856D434D2991D3BE00EBE393 /* Debug */ = {
			isa = XCBuildConfiguration;
			buildSettings = {
				ALWAYS_EMBED_SWIFT_STANDARD_LIBRARIES = YES;
				BUNDLE_LOADER = "$(TEST_HOST)";
				CODE_SIGN_STYLE = Automatic;
				CURRENT_PROJECT_VERSION = 1;
				DEVELOPMENT_TEAM = W7X5HRD463;
				GENERATE_INFOPLIST_FILE = YES;
				IPHONEOS_DEPLOYMENT_TARGET = 16.2;
				MARKETING_VERSION = 1.0;
				PRODUCT_BUNDLE_IDENTIFIER = "Hackerton.Help-meTests";
				PRODUCT_NAME = "$(TARGET_NAME)";
				SWIFT_EMIT_LOC_STRINGS = NO;
				SWIFT_VERSION = 5.0;
				TARGETED_DEVICE_FAMILY = "1,2";
				TEST_HOST = "$(BUILT_PRODUCTS_DIR)/Help_me.app/$(BUNDLE_EXECUTABLE_FOLDER_PATH)/Help_me";
			};
			name = Debug;
		};
		856D434E2991D3BE00EBE393 /* Release */ = {
			isa = XCBuildConfiguration;
			buildSettings = {
				ALWAYS_EMBED_SWIFT_STANDARD_LIBRARIES = YES;
				BUNDLE_LOADER = "$(TEST_HOST)";
				CODE_SIGN_STYLE = Automatic;
				CURRENT_PROJECT_VERSION = 1;
				DEVELOPMENT_TEAM = W7X5HRD463;
				GENERATE_INFOPLIST_FILE = YES;
				IPHONEOS_DEPLOYMENT_TARGET = 16.2;
				MARKETING_VERSION = 1.0;
				PRODUCT_BUNDLE_IDENTIFIER = "Hackerton.Help-meTests";
				PRODUCT_NAME = "$(TARGET_NAME)";
				SWIFT_EMIT_LOC_STRINGS = NO;
				SWIFT_VERSION = 5.0;
				TARGETED_DEVICE_FAMILY = "1,2";
				TEST_HOST = "$(BUILT_PRODUCTS_DIR)/Help_me.app/$(BUNDLE_EXECUTABLE_FOLDER_PATH)/Help_me";
			};
			name = Release;
		};
		856D43502991D3BE00EBE393 /* Debug */ = {
			isa = XCBuildConfiguration;
			buildSettings = {
				ALWAYS_EMBED_SWIFT_STANDARD_LIBRARIES = YES;
				CODE_SIGN_STYLE = Automatic;
				CURRENT_PROJECT_VERSION = 1;
				DEVELOPMENT_TEAM = W7X5HRD463;
				GENERATE_INFOPLIST_FILE = YES;
				MARKETING_VERSION = 1.0;
				PRODUCT_BUNDLE_IDENTIFIER = "Hackerton.Help-meUITests";
				PRODUCT_NAME = "$(TARGET_NAME)";
				SWIFT_EMIT_LOC_STRINGS = NO;
				SWIFT_VERSION = 5.0;
				TARGETED_DEVICE_FAMILY = "1,2";
				TEST_TARGET_NAME = Help_me;
			};
			name = Debug;
		};
		856D43512991D3BE00EBE393 /* Release */ = {
			isa = XCBuildConfiguration;
			buildSettings = {
				ALWAYS_EMBED_SWIFT_STANDARD_LIBRARIES = YES;
				CODE_SIGN_STYLE = Automatic;
				CURRENT_PROJECT_VERSION = 1;
				DEVELOPMENT_TEAM = W7X5HRD463;
				GENERATE_INFOPLIST_FILE = YES;
				MARKETING_VERSION = 1.0;
				PRODUCT_BUNDLE_IDENTIFIER = "Hackerton.Help-meUITests";
				PRODUCT_NAME = "$(TARGET_NAME)";
				SWIFT_EMIT_LOC_STRINGS = NO;
				SWIFT_VERSION = 5.0;
				TARGETED_DEVICE_FAMILY = "1,2";
				TEST_TARGET_NAME = Help_me;
			};
			name = Release;
		};
/* End XCBuildConfiguration section */

/* Begin XCConfigurationList section */
		856D431A2991D3BD00EBE393 /* Build configuration list for PBXProject "Help_me" */ = {
			isa = XCConfigurationList;
			buildConfigurations = (
				856D43472991D3BE00EBE393 /* Debug */,
				856D43482991D3BE00EBE393 /* Release */,
			);
			defaultConfigurationIsVisible = 0;
			defaultConfigurationName = Release;
		};
		856D43492991D3BE00EBE393 /* Build configuration list for PBXNativeTarget "Help_me" */ = {
			isa = XCConfigurationList;
			buildConfigurations = (
				856D434A2991D3BE00EBE393 /* Debug */,
				856D434B2991D3BE00EBE393 /* Release */,
			);
			defaultConfigurationIsVisible = 0;
			defaultConfigurationName = Release;
		};
		856D434C2991D3BE00EBE393 /* Build configuration list for PBXNativeTarget "Help_meTests" */ = {
			isa = XCConfigurationList;
			buildConfigurations = (
				856D434D2991D3BE00EBE393 /* Debug */,
				856D434E2991D3BE00EBE393 /* Release */,
			);
			defaultConfigurationIsVisible = 0;
			defaultConfigurationName = Release;
		};
		856D434F2991D3BE00EBE393 /* Build configuration list for PBXNativeTarget "Help_meUITests" */ = {
			isa = XCConfigurationList;
			buildConfigurations = (
				856D43502991D3BE00EBE393 /* Debug */,
				856D43512991D3BE00EBE393 /* Release */,
			);
			defaultConfigurationIsVisible = 0;
			defaultConfigurationName = Release;
		};
/* End XCConfigurationList section */

/* Begin XCRemoteSwiftPackageReference section */
		85133B4D2991E618004978FD /* XCRemoteSwiftPackageReference "Alamofire" */ = {
			isa = XCRemoteSwiftPackageReference;
			repositoryURL = "https://github.com/Alamofire/Alamofire";
			requirement = {
				kind = upToNextMajorVersion;
				minimumVersion = 5.0.0;
			};
		};
/* End XCRemoteSwiftPackageReference section */

/* Begin XCSwiftPackageProductDependency section */
		85133B4E2991E618004978FD /* Alamofire */ = {
			isa = XCSwiftPackageProductDependency;
			package = 85133B4D2991E618004978FD /* XCRemoteSwiftPackageReference "Alamofire" */;
			productName = Alamofire;
		};
/* End XCSwiftPackageProductDependency section */
	};
	rootObject = 856D43172991D3BD00EBE393 /* Project object */;
}
